
Microsoft Visual Studio Solution File, Format Version 12.00
# Visual Studio Version 17
VisualStudioVersion = 17.14.36518.9
MinimumVisualStudioVersion = 10.0.40219.1
Project("{2150E333-8FDC-42A3-9474-1A3956D46DE8}") = "docs", "docs", "{02EA681E-C7D8-13C7-8484-4AC65E1B71E8}"
	ProjectSection(SolutionItems) = preProject
		docs\report.md = docs\report.md
		docs\riskAbnalyze.md = docs\riskAbnalyze.md
	EndProjectSection
EndProject
Project("{2150E333-8FDC-42A3-9474-1A3956D46DE8}") = "src", "src", "{1D4CF322-646C-4A51-94E0-70406EADE9DC}"
EndProject
Project("{FAE04EC0-301F-11D3-BF4B-00C04F79EFBC}") = "TirsvadWeb.Wasm.ProjectDocs.WebUI", "src\TirsvadWeb.Wasm.ProjectDocs.WebUI\TirsvadWeb.Wasm.ProjectDocs.WebUI\TirsvadWeb.Wasm.ProjectDocs.WebUI.csproj", "{705E76A4-CAB1-4D34-B0BE-CE5569571395}"
EndProject
Project("{FAE04EC0-301F-11D3-BF4B-00C04F79EFBC}") = "TirsvadWeb.Wasm.ProjectDocs.WebUI.Client", "src\TirsvadWeb.Wasm.ProjectDocs.WebUI\TirsvadWeb.Wasm.ProjectDocs.WebUI.Client\TirsvadWeb.Wasm.ProjectDocs.WebUI.Client.csproj", "{30CF924C-6345-4854-B8CA-AFD0640A8E50}"
EndProject
Project("{FAE04EC0-301F-11D3-BF4B-00C04F79EFBC}") = "TirsvadWeb.Wasm.ProjectDocs.Domain", "src\TirsvadWeb.Wasm.ProjectDocs.Domain\TirsvadWeb.Wasm.ProjectDocs.Domain.csproj", "{9B077404-7D8E-43B7-871E-0290E7D433B8}"
EndProject
Project("{FAE04EC0-301F-11D3-BF4B-00C04F79EFBC}") = "TirsvadWeb.Wasm.ProjectDocs.Application", "src\TirsvadWeb.Wasm.ProjectDocs.Application\TirsvadWeb.Wasm.ProjectDocs.Application.csproj", "{29022FAE-5E7A-436D-81F2-1A4BC4622285}"
EndProject
Project("{FAE04EC0-301F-11D3-BF4B-00C04F79EFBC}") = "TirsvadWeb.Wasm.ProjectDocs.Infrastructure", "src\TirsvadWeb.Wasm.ProjectDocs.Infrastructure\TirsvadWeb.Wasm.ProjectDocs.Infrastructure.csproj", "{83340012-AE4B-4AD8-8835-BEB2B3530F9D}"
EndProject
Project("{C7167F0D-BC9F-4E6E-AFE1-012C56B48DB5}") = "TirsvadWeb.WinUI (Package)", "src\TirsvadWeb.WinUI\TirsvadWeb.WinUI (Package)\TirsvadWeb.WinUI (Package).wapproj", "{D99FC03E-FA3E-4FFA-807E-46A81F0E4FDC}"
EndProject
Project("{FAE04EC0-301F-11D3-BF4B-00C04F79EFBC}") = "TirsvadWeb.WinUI", "src\TirsvadWeb.WinUI\TirsvadWeb.WinUI\TirsvadWeb.WinUI.csproj", "{1A788D0D-3649-470F-9CCE-33FB7CEF3CDB}"
EndProject
Global
	GlobalSection(SolutionConfigurationPlatforms) = preSolution
		Debug|Any CPU = Debug|Any CPU
		Debug|ARM64 = Debug|ARM64
		Debug|x64 = Debug|x64
		Debug|x86 = Debug|x86
		Release|Any CPU = Release|Any CPU
		Release|ARM64 = Release|ARM64
		Release|x64 = Release|x64
		Release|x86 = Release|x86
	EndGlobalSection
	GlobalSection(ProjectConfigurationPlatforms) = postSolution
		{705E76A4-CAB1-4D34-B0BE-CE5569571395}.Debug|Any CPU.ActiveCfg = Debug|Any CPU
		{705E76A4-CAB1-4D34-B0BE-CE5569571395}.Debug|Any CPU.Build.0 = Debug|Any CPU
		{705E76A4-CAB1-4D34-B0BE-CE5569571395}.Debug|ARM64.ActiveCfg = Debug|Any CPU
		{705E76A4-CAB1-4D34-B0BE-CE5569571395}.Debug|ARM64.Build.0 = Debug|Any CPU
		{705E76A4-CAB1-4D34-B0BE-CE5569571395}.Debug|x64.ActiveCfg = Debug|Any CPU
		{705E76A4-CAB1-4D34-B0BE-CE5569571395}.Debug|x64.Build.0 = Debug|Any CPU
		{705E76A4-CAB1-4D34-B0BE-CE5569571395}.Debug|x86.ActiveCfg = Debug|Any CPU
		{705E76A4-CAB1-4D34-B0BE-CE5569571395}.Debug|x86.Build.0 = Debug|Any CPU
		{705E76A4-CAB1-4D34-B0BE-CE5569571395}.Release|Any CPU.ActiveCfg = Release|Any CPU
		{705E76A4-CAB1-4D34-B0BE-CE5569571395}.Release|Any CPU.Build.0 = Release|Any CPU
		{705E76A4-CAB1-4D34-B0BE-CE5569571395}.Release|ARM64.ActiveCfg = Release|Any CPU
		{705E76A4-CAB1-4D34-B0BE-CE5569571395}.Release|ARM64.Build.0 = Release|Any CPU
		{705E76A4-CAB1-4D34-B0BE-CE5569571395}.Release|x64.ActiveCfg = Release|Any CPU
		{705E76A4-CAB1-4D34-B0BE-CE5569571395}.Release|x64.Build.0 = Release|Any CPU
		{705E76A4-CAB1-4D34-B0BE-CE5569571395}.Release|x86.ActiveCfg = Release|Any CPU
		{705E76A4-CAB1-4D34-B0BE-CE5569571395}.Release|x86.Build.0 = Release|Any CPU
		{30CF924C-6345-4854-B8CA-AFD0640A8E50}.Debug|Any CPU.ActiveCfg = Debug|Any CPU
		{30CF924C-6345-4854-B8CA-AFD0640A8E50}.Debug|Any CPU.Build.0 = Debug|Any CPU
		{30CF924C-6345-4854-B8CA-AFD0640A8E50}.Debug|ARM64.ActiveCfg = Debug|Any CPU
		{30CF924C-6345-4854-B8CA-AFD0640A8E50}.Debug|ARM64.Build.0 = Debug|Any CPU
		{30CF924C-6345-4854-B8CA-AFD0640A8E50}.Debug|x64.ActiveCfg = Debug|Any CPU
		{30CF924C-6345-4854-B8CA-AFD0640A8E50}.Debug|x64.Build.0 = Debug|Any CPU
		{30CF924C-6345-4854-B8CA-AFD0640A8E50}.Debug|x86.ActiveCfg = Debug|Any CPU
		{30CF924C-6345-4854-B8CA-AFD0640A8E50}.Debug|x86.Build.0 = Debug|Any CPU
		{30CF924C-6345-4854-B8CA-AFD0640A8E50}.Release|Any CPU.ActiveCfg = Release|Any CPU
		{30CF924C-6345-4854-B8CA-AFD0640A8E50}.Release|Any CPU.Build.0 = Release|Any CPU
		{30CF924C-6345-4854-B8CA-AFD0640A8E50}.Release|ARM64.ActiveCfg = Release|Any CPU
		{30CF924C-6345-4854-B8CA-AFD0640A8E50}.Release|ARM64.Build.0 = Release|Any CPU
		{30CF924C-6345-4854-B8CA-AFD0640A8E50}.Release|x64.ActiveCfg = Release|Any CPU
		{30CF924C-6345-4854-B8CA-AFD0640A8E50}.Release|x64.Build.0 = Release|Any CPU
		{30CF924C-6345-4854-B8CA-AFD0640A8E50}.Release|x86.ActiveCfg = Release|Any CPU
		{30CF924C-6345-4854-B8CA-AFD0640A8E50}.Release|x86.Build.0 = Release|Any CPU
		{9B077404-7D8E-43B7-871E-0290E7D433B8}.Debug|Any CPU.ActiveCfg = Debug|Any CPU
		{9B077404-7D8E-43B7-871E-0290E7D433B8}.Debug|Any CPU.Build.0 = Debug|Any CPU
		{9B077404-7D8E-43B7-871E-0290E7D433B8}.Debug|ARM64.ActiveCfg = Debug|Any CPU
		{9B077404-7D8E-43B7-871E-0290E7D433B8}.Debug|ARM64.Build.0 = Debug|Any CPU
		{9B077404-7D8E-43B7-871E-0290E7D433B8}.Debug|x64.ActiveCfg = Debug|Any CPU
		{9B077404-7D8E-43B7-871E-0290E7D433B8}.Debug|x64.Build.0 = Debug|Any CPU
		{9B077404-7D8E-43B7-871E-0290E7D433B8}.Debug|x86.ActiveCfg = Debug|Any CPU
		{9B077404-7D8E-43B7-871E-0290E7D433B8}.Debug|x86.Build.0 = Debug|Any CPU
		{9B077404-7D8E-43B7-871E-0290E7D433B8}.Release|Any CPU.ActiveCfg = Release|Any CPU
		{9B077404-7D8E-43B7-871E-0290E7D433B8}.Release|Any CPU.Build.0 = Release|Any CPU
		{9B077404-7D8E-43B7-871E-0290E7D433B8}.Release|ARM64.ActiveCfg = Release|Any CPU
		{9B077404-7D8E-43B7-871E-0290E7D433B8}.Release|ARM64.Build.0 = Release|Any CPU
		{9B077404-7D8E-43B7-871E-0290E7D433B8}.Release|x64.ActiveCfg = Release|Any CPU
		{9B077404-7D8E-43B7-871E-0290E7D433B8}.Release|x64.Build.0 = Release|Any CPU
		{9B077404-7D8E-43B7-871E-0290E7D433B8}.Release|x86.ActiveCfg = Release|Any CPU
		{9B077404-7D8E-43B7-871E-0290E7D433B8}.Release|x86.Build.0 = Release|Any CPU
		{29022FAE-5E7A-436D-81F2-1A4BC4622285}.Debug|Any CPU.ActiveCfg = Debug|Any CPU
		{29022FAE-5E7A-436D-81F2-1A4BC4622285}.Debug|Any CPU.Build.0 = Debug|Any CPU
		{29022FAE-5E7A-436D-81F2-1A4BC4622285}.Debug|ARM64.ActiveCfg = Debug|Any CPU
		{29022FAE-5E7A-436D-81F2-1A4BC4622285}.Debug|ARM64.Build.0 = Debug|Any CPU
		{29022FAE-5E7A-436D-81F2-1A4BC4622285}.Debug|x64.ActiveCfg = Debug|Any CPU
		{29022FAE-5E7A-436D-81F2-1A4BC4622285}.Debug|x64.Build.0 = Debug|Any CPU
		{29022FAE-5E7A-436D-81F2-1A4BC4622285}.Debug|x86.ActiveCfg = Debug|Any CPU
		{29022FAE-5E7A-436D-81F2-1A4BC4622285}.Debug|x86.Build.0 = Debug|Any CPU
		{29022FAE-5E7A-436D-81F2-1A4BC4622285}.Release|Any CPU.ActiveCfg = Release|Any CPU
		{29022FAE-5E7A-436D-81F2-1A4BC4622285}.Release|Any CPU.Build.0 = Release|Any CPU
		{29022FAE-5E7A-436D-81F2-1A4BC4622285}.Release|ARM64.ActiveCfg = Release|Any CPU
		{29022FAE-5E7A-436D-81F2-1A4BC4622285}.Release|ARM64.Build.0 = Release|Any CPU
		{29022FAE-5E7A-436D-81F2-1A4BC4622285}.Release|x64.ActiveCfg = Release|Any CPU
		{29022FAE-5E7A-436D-81F2-1A4BC4622285}.Release|x64.Build.0 = Release|Any CPU
		{29022FAE-5E7A-436D-81F2-1A4BC4622285}.Release|x86.ActiveCfg = Release|Any CPU
		{29022FAE-5E7A-436D-81F2-1A4BC4622285}.Release|x86.Build.0 = Release|Any CPU
		{83340012-AE4B-4AD8-8835-BEB2B3530F9D}.Debug|Any CPU.ActiveCfg = Debug|Any CPU
		{83340012-AE4B-4AD8-8835-BEB2B3530F9D}.Debug|Any CPU.Build.0 = Debug|Any CPU
		{83340012-AE4B-4AD8-8835-BEB2B3530F9D}.Debug|ARM64.ActiveCfg = Debug|Any CPU
		{83340012-AE4B-4AD8-8835-BEB2B3530F9D}.Debug|ARM64.Build.0 = Debug|Any CPU
		{83340012-AE4B-4AD8-8835-BEB2B3530F9D}.Debug|x64.ActiveCfg = Debug|Any CPU
		{83340012-AE4B-4AD8-8835-BEB2B3530F9D}.Debug|x64.Build.0 = Debug|Any CPU
		{83340012-AE4B-4AD8-8835-BEB2B3530F9D}.Debug|x86.ActiveCfg = Debug|Any CPU
		{83340012-AE4B-4AD8-8835-BEB2B3530F9D}.Debug|x86.Build.0 = Debug|Any CPU
		{83340012-AE4B-4AD8-8835-BEB2B3530F9D}.Release|Any CPU.ActiveCfg = Release|Any CPU
		{83340012-AE4B-4AD8-8835-BEB2B3530F9D}.Release|Any CPU.Build.0 = Release|Any CPU
		{83340012-AE4B-4AD8-8835-BEB2B3530F9D}.Release|ARM64.ActiveCfg = Release|Any CPU
		{83340012-AE4B-4AD8-8835-BEB2B3530F9D}.Release|ARM64.Build.0 = Release|Any CPU
		{83340012-AE4B-4AD8-8835-BEB2B3530F9D}.Release|x64.ActiveCfg = Release|Any CPU
		{83340012-AE4B-4AD8-8835-BEB2B3530F9D}.Release|x64.Build.0 = Release|Any CPU
		{83340012-AE4B-4AD8-8835-BEB2B3530F9D}.Release|x86.ActiveCfg = Release|Any CPU
		{83340012-AE4B-4AD8-8835-BEB2B3530F9D}.Release|x86.Build.0 = Release|Any CPU
		{D99FC03E-FA3E-4FFA-807E-46A81F0E4FDC}.Debug|Any CPU.ActiveCfg = Debug|x64
		{D99FC03E-FA3E-4FFA-807E-46A81F0E4FDC}.Debug|Any CPU.Build.0 = Debug|x64
		{D99FC03E-FA3E-4FFA-807E-46A81F0E4FDC}.Debug|Any CPU.Deploy.0 = Debug|x64
		{D99FC03E-FA3E-4FFA-807E-46A81F0E4FDC}.Debug|ARM64.ActiveCfg = Debug|ARM64
		{D99FC03E-FA3E-4FFA-807E-46A81F0E4FDC}.Debug|ARM64.Build.0 = Debug|ARM64
		{D99FC03E-FA3E-4FFA-807E-46A81F0E4FDC}.Debug|ARM64.Deploy.0 = Debug|ARM64
		{D99FC03E-FA3E-4FFA-807E-46A81F0E4FDC}.Debug|x64.ActiveCfg = Debug|x64
		{D99FC03E-FA3E-4FFA-807E-46A81F0E4FDC}.Debug|x64.Build.0 = Debug|x64
		{D99FC03E-FA3E-4FFA-807E-46A81F0E4FDC}.Debug|x64.Deploy.0 = Debug|x64
		{D99FC03E-FA3E-4FFA-807E-46A81F0E4FDC}.Debug|x86.ActiveCfg = Debug|x86
		{D99FC03E-FA3E-4FFA-807E-46A81F0E4FDC}.Debug|x86.Build.0 = Debug|x86
		{D99FC03E-FA3E-4FFA-807E-46A81F0E4FDC}.Debug|x86.Deploy.0 = Debug|x86
		{D99FC03E-FA3E-4FFA-807E-46A81F0E4FDC}.Release|Any CPU.ActiveCfg = Release|x64
		{D99FC03E-FA3E-4FFA-807E-46A81F0E4FDC}.Release|Any CPU.Build.0 = Release|x64
		{D99FC03E-FA3E-4FFA-807E-46A81F0E4FDC}.Release|Any CPU.Deploy.0 = Release|x64
		{D99FC03E-FA3E-4FFA-807E-46A81F0E4FDC}.Release|ARM64.ActiveCfg = Release|ARM64
		{D99FC03E-FA3E-4FFA-807E-46A81F0E4FDC}.Release|ARM64.Build.0 = Release|ARM64
		{D99FC03E-FA3E-4FFA-807E-46A81F0E4FDC}.Release|ARM64.Deploy.0 = Release|ARM64
		{D99FC03E-FA3E-4FFA-807E-46A81F0E4FDC}.Release|x64.ActiveCfg = Release|x64
		{D99FC03E-FA3E-4FFA-807E-46A81F0E4FDC}.Release|x64.Build.0 = Release|x64
		{D99FC03E-FA3E-4FFA-807E-46A81F0E4FDC}.Release|x64.Deploy.0 = Release|x64
		{D99FC03E-FA3E-4FFA-807E-46A81F0E4FDC}.Release|x86.ActiveCfg = Release|x86
		{D99FC03E-FA3E-4FFA-807E-46A81F0E4FDC}.Release|x86.Build.0 = Release|x86
		{D99FC03E-FA3E-4FFA-807E-46A81F0E4FDC}.Release|x86.Deploy.0 = Release|x86
		{1A788D0D-3649-470F-9CCE-33FB7CEF3CDB}.Debug|Any CPU.ActiveCfg = Debug|x64
		{1A788D0D-3649-470F-9CCE-33FB7CEF3CDB}.Debug|Any CPU.Build.0 = Debug|x64
		{1A788D0D-3649-470F-9CCE-33FB7CEF3CDB}.Debug|ARM64.ActiveCfg = Debug|ARM64
		{1A788D0D-3649-470F-9CCE-33FB7CEF3CDB}.Debug|ARM64.Build.0 = Debug|ARM64
		{1A788D0D-3649-470F-9CCE-33FB7CEF3CDB}.Debug|x64.ActiveCfg = Debug|x64
		{1A788D0D-3649-470F-9CCE-33FB7CEF3CDB}.Debug|x64.Build.0 = Debug|x64
		{1A788D0D-3649-470F-9CCE-33FB7CEF3CDB}.Debug|x86.ActiveCfg = Debug|x86
		{1A788D0D-3649-470F-9CCE-33FB7CEF3CDB}.Debug|x86.Build.0 = Debug|x86
		{1A788D0D-3649-470F-9CCE-33FB7CEF3CDB}.Release|Any CPU.ActiveCfg = Release|x64
		{1A788D0D-3649-470F-9CCE-33FB7CEF3CDB}.Release|Any CPU.Build.0 = Release|x64
		{1A788D0D-3649-470F-9CCE-33FB7CEF3CDB}.Release|ARM64.ActiveCfg = Release|ARM64
		{1A788D0D-3649-470F-9CCE-33FB7CEF3CDB}.Release|ARM64.Build.0 = Release|ARM64
		{1A788D0D-3649-470F-9CCE-33FB7CEF3CDB}.Release|x64.ActiveCfg = Release|x64
		{1A788D0D-3649-470F-9CCE-33FB7CEF3CDB}.Release|x64.Build.0 = Release|x64
		{1A788D0D-3649-470F-9CCE-33FB7CEF3CDB}.Release|x86.ActiveCfg = Release|x86
		{1A788D0D-3649-470F-9CCE-33FB7CEF3CDB}.Release|x86.Build.0 = Release|x86
	EndGlobalSection
	GlobalSection(SolutionProperties) = preSolution
		HideSolutionNode = FALSE
	EndGlobalSection
	GlobalSection(NestedProjects) = preSolution
		{705E76A4-CAB1-4D34-B0BE-CE5569571395} = {1D4CF322-646C-4A51-94E0-70406EADE9DC}
		{30CF924C-6345-4854-B8CA-AFD0640A8E50} = {1D4CF322-646C-4A51-94E0-70406EADE9DC}
		{9B077404-7D8E-43B7-871E-0290E7D433B8} = {1D4CF322-646C-4A51-94E0-70406EADE9DC}
		{29022FAE-5E7A-436D-81F2-1A4BC4622285} = {1D4CF322-646C-4A51-94E0-70406EADE9DC}
		{83340012-AE4B-4AD8-8835-BEB2B3530F9D} = {1D4CF322-646C-4A51-94E0-70406EADE9DC}
		{D99FC03E-FA3E-4FFA-807E-46A81F0E4FDC} = {1D4CF322-646C-4A51-94E0-70406EADE9DC}
		{1A788D0D-3649-470F-9CCE-33FB7CEF3CDB} = {1D4CF322-646C-4A51-94E0-70406EADE9DC}
	EndGlobalSection
	GlobalSection(ExtensibilityGlobals) = postSolution
		SolutionGuid = {085570C4-2A25-4E40-A44D-DBA866766678}
	EndGlobalSection
EndGlobal
